
Microsoft Visual Studio Solution File, Format Version 12.00
# Visual Studio 15
VisualStudioVersion = 15.0.28307.1169
MinimumVisualStudioVersion = 10.0.40219.1
Project("{8BC9CEB8-8B4A-11D0-8D11-00A0C91BC942}") = "Git_visual_test", "Git_visual_test\Git_visual_test.vcxproj", "{F4405509-4D3E-41E6-97DB-BB75C2928A81}"
EndProject
Global
	GlobalSection(SolutionConfigurationPlatforms) = preSolution
		Debug|x64 = Debug|x64
		Debug|x86 = Debug|x86
		Release|x64 = Release|x64
		Release|x86 = Release|x86
	EndGlobalSection
	GlobalSection(ProjectConfigurationPlatforms) = postSolution
		{F4405509-4D3E-41E6-97DB-BB75C2928A81}.Debug|x64.ActiveCfg = Debug|x64
		{F4405509-4D3E-41E6-97DB-BB75C2928A81}.Debug|x64.Build.0 = Debug|x64
		{F4405509-4D3E-41E6-97DB-BB75C2928A81}.Debug|x86.ActiveCfg = Debug|Win32
		{F4405509-4D3E-41E6-97DB-BB75C2928A81}.Debug|x86.Build.0 = Debug|Win32
		{F4405509-4D3E-41E6-97DB-BB75C2928A81}.Release|x64.ActiveCfg = Release|x64
		{F4405509-4D3E-41E6-97DB-BB75C2928A81}.Release|x64.Build.0 = Release|x64
		{F4405509-4D3E-41E6-97DB-BB75C2928A81}.Release|x86.ActiveCfg = Release|Win32
		{F4405509-4D3E-41E6-97DB-BB75C2928A81}.Release|x86.Build.0 = Release|Win32
	EndGlobalSection
	GlobalSection(SolutionProperties) = preSolution
		HideSolutionNode = FALSE
	EndGlobalSection
	GlobalSection(ExtensibilityGlobals) = postSolution
		SolutionGuid = {2BCEC6AF-3277-4732-8DD2-5BE4DDEEB190}
	EndGlobalSection
EndGlobal
